
Microsoft Visual Studio Solution File, Format Version 12.00
# Visual Studio 2017
Project("{FAE04EC0-301F-11D3-BF4B-00C04F79EFBC}") = "SuperARPG09", "SuperARPG09.csproj", "{04E83F09-39BC-4F02-1395-E948D4C24268}"
EndProject
Project("{FAE04EC0-301F-11D3-BF4B-00C04F79EFBC}") = "SuperARPG09.Plugins", "SuperARPG09.Plugins.csproj", "{7BA86F08-8963-B0C8-568F-3CD429085791}"
EndProject
Project("{FAE04EC0-301F-11D3-BF4B-00C04F79EFBC}") = "SuperARPG09.Editor.Plugins", "SuperARPG09.Editor.Plugins.csproj", "{66F6BDFD-9DDA-A886-74A5-4B4EDBB9F07F}"
EndProject
Global
	GlobalSection(SolutionConfigurationPlatforms) = preSolution
		Debug|Any CPU = Debug|Any CPU
		Release|Any CPU = Release|Any CPU
	EndGlobalSection
	GlobalSection(ProjectConfigurationPlatforms) = postSolution
		{04E83F09-39BC-4F02-1395-E948D4C24268}.Debug|Any CPU.ActiveCfg = Debug|Any CPU
		{04E83F09-39BC-4F02-1395-E948D4C24268}.Debug|Any CPU.Build.0 = Debug|Any CPU
		{04E83F09-39BC-4F02-1395-E948D4C24268}.Release|Any CPU.ActiveCfg = Release|Any CPU
		{04E83F09-39BC-4F02-1395-E948D4C24268}.Release|Any CPU.Build.0 = Release|Any CPU
		{7BA86F08-8963-B0C8-568F-3CD429085791}.Debug|Any CPU.ActiveCfg = Debug|Any CPU
		{7BA86F08-8963-B0C8-568F-3CD429085791}.Debug|Any CPU.Build.0 = Debug|Any CPU
		{7BA86F08-8963-B0C8-568F-3CD429085791}.Release|Any CPU.ActiveCfg = Release|Any CPU
		{7BA86F08-8963-B0C8-568F-3CD429085791}.Release|Any CPU.Build.0 = Release|Any CPU
		{66F6BDFD-9DDA-A886-74A5-4B4EDBB9F07F}.Debug|Any CPU.ActiveCfg = Debug|Any CPU
		{66F6BDFD-9DDA-A886-74A5-4B4EDBB9F07F}.Debug|Any CPU.Build.0 = Debug|Any CPU
		{66F6BDFD-9DDA-A886-74A5-4B4EDBB9F07F}.Release|Any CPU.ActiveCfg = Release|Any CPU
		{66F6BDFD-9DDA-A886-74A5-4B4EDBB9F07F}.Release|Any CPU.Build.0 = Release|Any CPU
	EndGlobalSection
	GlobalSection(SolutionProperties) = preSolution
		HideSolutionNode = FALSE
	EndGlobalSection
EndGlobal
